
Microsoft Visual Studio Solution File, Format Version 10.00
# Visual Studio 2008
Project("{FAE04EC0-301F-11D3-BF4B-00C04F79EFBC}") = "UserLogGenerator", "UserLogGenerator\UserLogGenerator.csproj", "{8496D7F1-781C-42B1-AC36-A4037A695AFA}"
EndProject
Global
	GlobalSection(SolutionConfigurationPlatforms) = preSolution
		Debug|Any CPU = Debug|Any CPU
		Release|Any CPU = Release|Any CPU
	EndGlobalSection
	GlobalSection(ProjectConfigurationPlatforms) = postSolution
		{8496D7F1-781C-42B1-AC36-A4037A695AFA}.Debug|Any CPU.ActiveCfg = Debug|Any CPU
		{8496D7F1-781C-42B1-AC36-A4037A695AFA}.Debug|Any CPU.Build.0 = Debug|Any CPU
		{8496D7F1-781C-42B1-AC36-A4037A695AFA}.Release|Any CPU.ActiveCfg = Release|Any CPU
		{8496D7F1-781C-42B1-AC36-A4037A695AFA}.Release|Any CPU.Build.0 = Release|Any CPU
	EndGlobalSection
	GlobalSection(SolutionProperties) = preSolution
		HideSolutionNode = FALSE
	EndGlobalSection
EndGlobal
